
Microsoft Visual Studio Solution File, Format Version 12.00
# Visual Studio Version 17
VisualStudioVersion = 17.9.34622.214
MinimumVisualStudioVersion = 10.0.40219.1
Project("{FAE04EC0-301F-11D3-BF4B-00C04F79EFBC}") = "C# aaaaa", "C# aaaaa\C# aaaaa.csproj", "{9F7981C9-5801-43D3-9A85-F67DC2E09740}"
EndProject
Global
	GlobalSection(SolutionConfigurationPlatforms) = preSolution
		Debug|Any CPU = Debug|Any CPU
		Release|Any CPU = Release|Any CPU
	EndGlobalSection
	GlobalSection(ProjectConfigurationPlatforms) = postSolution
		{9F7981C9-5801-43D3-9A85-F67DC2E09740}.Debug|Any CPU.ActiveCfg = Debug|Any CPU
		{9F7981C9-5801-43D3-9A85-F67DC2E09740}.Debug|Any CPU.Build.0 = Debug|Any CPU
		{9F7981C9-5801-43D3-9A85-F67DC2E09740}.Release|Any CPU.ActiveCfg = Release|Any CPU
		{9F7981C9-5801-43D3-9A85-F67DC2E09740}.Release|Any CPU.Build.0 = Release|Any CPU
	EndGlobalSection
	GlobalSection(SolutionProperties) = preSolution
		HideSolutionNode = FALSE
	EndGlobalSection
	GlobalSection(ExtensibilityGlobals) = postSolution
		SolutionGuid = {86282A09-AA7F-4C3C-B846-8FB2FCA1768E}
	EndGlobalSection
EndGlobal
